
Microsoft Visual Studio Solution File, Format Version 12.00
# Visual Studio 15
VisualStudioVersion = 15.0.28307.168
MinimumVisualStudioVersion = 10.0.40219.1
Project("{FAE04EC0-301F-11D3-BF4B-00C04F79EFBC}") = "WPFEventAggregation", "WPFEventAggregation\WPFEventAggregation.csproj", "{C39329E6-98AF-4B79-9B70-0FB9CB3314A8}"
EndProject
Global
	GlobalSection(SolutionConfigurationPlatforms) = preSolution
		Debug|Any CPU = Debug|Any CPU
		Release|Any CPU = Release|Any CPU
	EndGlobalSection
	GlobalSection(ProjectConfigurationPlatforms) = postSolution
		{C39329E6-98AF-4B79-9B70-0FB9CB3314A8}.Debug|Any CPU.ActiveCfg = Debug|Any CPU
		{C39329E6-98AF-4B79-9B70-0FB9CB3314A8}.Debug|Any CPU.Build.0 = Debug|Any CPU
		{C39329E6-98AF-4B79-9B70-0FB9CB3314A8}.Release|Any CPU.ActiveCfg = Release|Any CPU
		{C39329E6-98AF-4B79-9B70-0FB9CB3314A8}.Release|Any CPU.Build.0 = Release|Any CPU
	EndGlobalSection
	GlobalSection(SolutionProperties) = preSolution
		HideSolutionNode = FALSE
	EndGlobalSection
	GlobalSection(ExtensibilityGlobals) = postSolution
		SolutionGuid = {FB676E4F-7045-403B-8B97-81A260D0F36A}
	EndGlobalSection
EndGlobal
